
Microsoft Visual Studio Solution File, Format Version 12.00
# Visual Studio 2013
VisualStudioVersion = 12.0.21005.1
MinimumVisualStudioVersion = 10.0.40219.1
Project("{2150E333-8FDC-42A3-9474-1A3956D46DE8}") = "01_第三方插件", "01_第三方插件", "{7EF4EC22-0C4D-42EF-A3F0-8E70C92CF495}"
EndProject
Project("{2150E333-8FDC-42A3-9474-1A3956D46DE8}") = "GeckoFX", "GeckoFX", "{DA2D26C5-503A-4C94-B323-E05DBF5607EA}"
	ProjectSection(SolutionItems) = preProject
		第三方插件\GeckoFX\资源文档.txt = 第三方插件\GeckoFX\资源文档.txt
	EndProjectSection
EndProject
Project("{FAE04EC0-301F-11D3-BF4B-00C04F79EFBC}") = "Demo.Common.GeckoFxHelper", "第三方插件\GeckoFX\Demo.Common.GeckoFxHelper\Demo.Common.GeckoFxHelper.csproj", "{6D04DB1B-A08D-486C-AA11-5D39173B6541}"
EndProject
Project("{FAE04EC0-301F-11D3-BF4B-00C04F79EFBC}") = "Demo.WinForm.GeckoFX", "第三方插件\GeckoFX\Demo.WinForm.GeckoFX\Demo.WinForm.GeckoFX.csproj", "{38043EAD-35DC-4A63-B4C8-8E472A61938E}"
EndProject
Project("{2150E333-8FDC-42A3-9474-1A3956D46DE8}") = "Tesseract3", "Tesseract3", "{7D26D0EE-495A-4AE1-BBE5-CB2A1EC80918}"
EndProject
Project("{FAE04EC0-301F-11D3-BF4B-00C04F79EFBC}") = "Demo.WinForm.Tesseract", "第三方插件\Tesseract3\Demo.WinForm.Tesseract\Demo.WinForm.Tesseract.csproj", "{2F5B28D1-9332-4762-94F9-E8B7335E68E2}"
EndProject
Project("{FAE04EC0-301F-11D3-BF4B-00C04F79EFBC}") = "Demo.WebSites.ZhiHu", "第三方插件\GeckoFX\Demo.WebSites.ZhiHu\Demo.WebSites.ZhiHu.csproj", "{53B65E7F-6B1A-4B06-A535-878C1F62706C}"
EndProject
Project("{2150E333-8FDC-42A3-9474-1A3956D46DE8}") = "02.Net编程", "02.Net编程", "{6D01BCE6-CFF2-4897-A82A-8DA4ACC9A0DA}"
EndProject
Project("{2150E333-8FDC-42A3-9474-1A3956D46DE8}") = "启动本地程序", "启动本地程序", "{3AAB5148-589A-43B0-A472-DD2F3D36034F}"
	ProjectSection(SolutionItems) = preProject
		Net编程\Demo.Net.StartUpProgram\TestConsole.exe = Net编程\Demo.Net.StartUpProgram\TestConsole.exe
	EndProjectSection
EndProject
Project("{FAE04EC0-301F-11D3-BF4B-00C04F79EFBC}") = "Demo.Net.StartUpProgram", "Net编程\Demo.Net.StartUpProgram\Demo.Net.StartUpProgram.csproj", "{5CF8B683-03CC-4D4F-92D9-DA159E909F84}"
EndProject
Project("{2150E333-8FDC-42A3-9474-1A3956D46DE8}") = "10.调试", "10.调试", "{1EA4E402-EB80-479B-A9A1-0601E9B06BA6}"
EndProject
Project("{FAE04EC0-301F-11D3-BF4B-00C04F79EFBC}") = "Demo.UnitTest.StartUpProgram", "调试\Demo.UnitTest.StartUpProgram\Demo.UnitTest.StartUpProgram.csproj", "{848183DF-DC31-45FE-9319-F141F90BD68E}"
EndProject
Project("{2150E333-8FDC-42A3-9474-1A3956D46DE8}") = "Windows弹框点击", "Windows弹框点击", "{E3A6DC2F-C95F-4837-BA81-F39291EC4B24}"
EndProject
Project("{FAE04EC0-301F-11D3-BF4B-00C04F79EFBC}") = "Demo.Net.ClickBombbox", "Net编程\Demo.Net.ClickBombbox\Demo.Net.ClickBombbox.csproj", "{20AC5E32-03BE-4425-B2D4-E96885CA95A1}"
EndProject
Project("{2150E333-8FDC-42A3-9474-1A3956D46DE8}") = "反射", "反射", "{0C9E4CCF-F4C0-4130-A686-2F13DB2C2E5E}"
EndProject
Project("{FAE04EC0-301F-11D3-BF4B-00C04F79EFBC}") = "Demo.Net.Reflection", "Net编程\Demo.Net.Reflection\Demo.Net.Reflection.csproj", "{44A82257-53BC-4C63-A936-3F8643B997DB}"
EndProject
Project("{FAE04EC0-301F-11D3-BF4B-00C04F79EFBC}") = "Demo.Net.ReflectionDebugByConsole", "Net编程\Demo.Net.ReflectionDebugByConsole\Demo.Net.ReflectionDebugByConsole.csproj", "{B50BB223-CBE7-4B90-97FE-69DD0959AE18}"
EndProject
Project("{FAE04EC0-301F-11D3-BF4B-00C04F79EFBC}") = "Demo.Net.IReflection", "Net编程\Demo.Net.IReflection\Demo.Net.IReflection.csproj", "{DE98B8D7-BA24-4352-A15E-6962B9D5B1C3}"
EndProject
Global
	GlobalSection(SolutionConfigurationPlatforms) = preSolution
		Debug|Any CPU = Debug|Any CPU
		Debug|Mixed Platforms = Debug|Mixed Platforms
		Debug|x86 = Debug|x86
		Release|Any CPU = Release|Any CPU
		Release|Mixed Platforms = Release|Mixed Platforms
		Release|x86 = Release|x86
	EndGlobalSection
	GlobalSection(ProjectConfigurationPlatforms) = postSolution
		{6D04DB1B-A08D-486C-AA11-5D39173B6541}.Debug|Any CPU.ActiveCfg = Debug|Any CPU
		{6D04DB1B-A08D-486C-AA11-5D39173B6541}.Debug|Any CPU.Build.0 = Debug|Any CPU
		{6D04DB1B-A08D-486C-AA11-5D39173B6541}.Debug|Mixed Platforms.ActiveCfg = Debug|Any CPU
		{6D04DB1B-A08D-486C-AA11-5D39173B6541}.Debug|Mixed Platforms.Build.0 = Debug|Any CPU
		{6D04DB1B-A08D-486C-AA11-5D39173B6541}.Debug|x86.ActiveCfg = Debug|Any CPU
		{6D04DB1B-A08D-486C-AA11-5D39173B6541}.Release|Any CPU.ActiveCfg = Release|Any CPU
		{6D04DB1B-A08D-486C-AA11-5D39173B6541}.Release|Any CPU.Build.0 = Release|Any CPU
		{6D04DB1B-A08D-486C-AA11-5D39173B6541}.Release|Mixed Platforms.ActiveCfg = Release|Any CPU
		{6D04DB1B-A08D-486C-AA11-5D39173B6541}.Release|Mixed Platforms.Build.0 = Release|Any CPU
		{6D04DB1B-A08D-486C-AA11-5D39173B6541}.Release|x86.ActiveCfg = Release|Any CPU
		{38043EAD-35DC-4A63-B4C8-8E472A61938E}.Debug|Any CPU.ActiveCfg = Debug|x86
		{38043EAD-35DC-4A63-B4C8-8E472A61938E}.Debug|Mixed Platforms.ActiveCfg = Debug|x86
		{38043EAD-35DC-4A63-B4C8-8E472A61938E}.Debug|Mixed Platforms.Build.0 = Debug|x86
		{38043EAD-35DC-4A63-B4C8-8E472A61938E}.Debug|x86.ActiveCfg = Debug|x86
		{38043EAD-35DC-4A63-B4C8-8E472A61938E}.Debug|x86.Build.0 = Debug|x86
		{38043EAD-35DC-4A63-B4C8-8E472A61938E}.Release|Any CPU.ActiveCfg = Release|x86
		{38043EAD-35DC-4A63-B4C8-8E472A61938E}.Release|Mixed Platforms.ActiveCfg = Release|x86
		{38043EAD-35DC-4A63-B4C8-8E472A61938E}.Release|Mixed Platforms.Build.0 = Release|x86
		{38043EAD-35DC-4A63-B4C8-8E472A61938E}.Release|x86.ActiveCfg = Release|x86
		{38043EAD-35DC-4A63-B4C8-8E472A61938E}.Release|x86.Build.0 = Release|x86
		{2F5B28D1-9332-4762-94F9-E8B7335E68E2}.Debug|Any CPU.ActiveCfg = Debug|x86
		{2F5B28D1-9332-4762-94F9-E8B7335E68E2}.Debug|Mixed Platforms.ActiveCfg = Debug|x86
		{2F5B28D1-9332-4762-94F9-E8B7335E68E2}.Debug|Mixed Platforms.Build.0 = Debug|x86
		{2F5B28D1-9332-4762-94F9-E8B7335E68E2}.Debug|x86.ActiveCfg = Debug|x86
		{2F5B28D1-9332-4762-94F9-E8B7335E68E2}.Debug|x86.Build.0 = Debug|x86
		{2F5B28D1-9332-4762-94F9-E8B7335E68E2}.Release|Any CPU.ActiveCfg = Release|x86
		{2F5B28D1-9332-4762-94F9-E8B7335E68E2}.Release|Mixed Platforms.ActiveCfg = Release|x86
		{2F5B28D1-9332-4762-94F9-E8B7335E68E2}.Release|Mixed Platforms.Build.0 = Release|x86
		{2F5B28D1-9332-4762-94F9-E8B7335E68E2}.Release|x86.ActiveCfg = Release|x86
		{2F5B28D1-9332-4762-94F9-E8B7335E68E2}.Release|x86.Build.0 = Release|x86
		{53B65E7F-6B1A-4B06-A535-878C1F62706C}.Debug|Any CPU.ActiveCfg = Debug|Any CPU
		{53B65E7F-6B1A-4B06-A535-878C1F62706C}.Debug|Any CPU.Build.0 = Debug|Any CPU
		{53B65E7F-6B1A-4B06-A535-878C1F62706C}.Debug|Mixed Platforms.ActiveCfg = Debug|Any CPU
		{53B65E7F-6B1A-4B06-A535-878C1F62706C}.Debug|Mixed Platforms.Build.0 = Debug|Any CPU
		{53B65E7F-6B1A-4B06-A535-878C1F62706C}.Debug|x86.ActiveCfg = Debug|Any CPU
		{53B65E7F-6B1A-4B06-A535-878C1F62706C}.Release|Any CPU.ActiveCfg = Release|Any CPU
		{53B65E7F-6B1A-4B06-A535-878C1F62706C}.Release|Any CPU.Build.0 = Release|Any CPU
		{53B65E7F-6B1A-4B06-A535-878C1F62706C}.Release|Mixed Platforms.ActiveCfg = Release|Any CPU
		{53B65E7F-6B1A-4B06-A535-878C1F62706C}.Release|Mixed Platforms.Build.0 = Release|Any CPU
		{53B65E7F-6B1A-4B06-A535-878C1F62706C}.Release|x86.ActiveCfg = Release|Any CPU
		{5CF8B683-03CC-4D4F-92D9-DA159E909F84}.Debug|Any CPU.ActiveCfg = Debug|Any CPU
		{5CF8B683-03CC-4D4F-92D9-DA159E909F84}.Debug|Any CPU.Build.0 = Debug|Any CPU
		{5CF8B683-03CC-4D4F-92D9-DA159E909F84}.Debug|Mixed Platforms.ActiveCfg = Debug|Any CPU
		{5CF8B683-03CC-4D4F-92D9-DA159E909F84}.Debug|Mixed Platforms.Build.0 = Debug|Any CPU
		{5CF8B683-03CC-4D4F-92D9-DA159E909F84}.Debug|x86.ActiveCfg = Debug|Any CPU
		{5CF8B683-03CC-4D4F-92D9-DA159E909F84}.Release|Any CPU.ActiveCfg = Release|Any CPU
		{5CF8B683-03CC-4D4F-92D9-DA159E909F84}.Release|Any CPU.Build.0 = Release|Any CPU
		{5CF8B683-03CC-4D4F-92D9-DA159E909F84}.Release|Mixed Platforms.ActiveCfg = Release|Any CPU
		{5CF8B683-03CC-4D4F-92D9-DA159E909F84}.Release|Mixed Platforms.Build.0 = Release|Any CPU
		{5CF8B683-03CC-4D4F-92D9-DA159E909F84}.Release|x86.ActiveCfg = Release|Any CPU
		{848183DF-DC31-45FE-9319-F141F90BD68E}.Debug|Any CPU.ActiveCfg = Debug|Any CPU
		{848183DF-DC31-45FE-9319-F141F90BD68E}.Debug|Any CPU.Build.0 = Debug|Any CPU
		{848183DF-DC31-45FE-9319-F141F90BD68E}.Debug|Mixed Platforms.ActiveCfg = Debug|Any CPU
		{848183DF-DC31-45FE-9319-F141F90BD68E}.Debug|Mixed Platforms.Build.0 = Debug|Any CPU
		{848183DF-DC31-45FE-9319-F141F90BD68E}.Debug|x86.ActiveCfg = Debug|Any CPU
		{848183DF-DC31-45FE-9319-F141F90BD68E}.Release|Any CPU.ActiveCfg = Release|Any CPU
		{848183DF-DC31-45FE-9319-F141F90BD68E}.Release|Any CPU.Build.0 = Release|Any CPU
		{848183DF-DC31-45FE-9319-F141F90BD68E}.Release|Mixed Platforms.ActiveCfg = Release|Any CPU
		{848183DF-DC31-45FE-9319-F141F90BD68E}.Release|Mixed Platforms.Build.0 = Release|Any CPU
		{848183DF-DC31-45FE-9319-F141F90BD68E}.Release|x86.ActiveCfg = Release|Any CPU
		{20AC5E32-03BE-4425-B2D4-E96885CA95A1}.Debug|Any CPU.ActiveCfg = Debug|Any CPU
		{20AC5E32-03BE-4425-B2D4-E96885CA95A1}.Debug|Any CPU.Build.0 = Debug|Any CPU
		{20AC5E32-03BE-4425-B2D4-E96885CA95A1}.Debug|Mixed Platforms.ActiveCfg = Debug|Any CPU
		{20AC5E32-03BE-4425-B2D4-E96885CA95A1}.Debug|Mixed Platforms.Build.0 = Debug|Any CPU
		{20AC5E32-03BE-4425-B2D4-E96885CA95A1}.Debug|x86.ActiveCfg = Debug|Any CPU
		{20AC5E32-03BE-4425-B2D4-E96885CA95A1}.Release|Any CPU.ActiveCfg = Release|Any CPU
		{20AC5E32-03BE-4425-B2D4-E96885CA95A1}.Release|Any CPU.Build.0 = Release|Any CPU
		{20AC5E32-03BE-4425-B2D4-E96885CA95A1}.Release|Mixed Platforms.ActiveCfg = Release|Any CPU
		{20AC5E32-03BE-4425-B2D4-E96885CA95A1}.Release|Mixed Platforms.Build.0 = Release|Any CPU
		{20AC5E32-03BE-4425-B2D4-E96885CA95A1}.Release|x86.ActiveCfg = Release|Any CPU
		{44A82257-53BC-4C63-A936-3F8643B997DB}.Debug|Any CPU.ActiveCfg = Debug|Any CPU
		{44A82257-53BC-4C63-A936-3F8643B997DB}.Debug|Any CPU.Build.0 = Debug|Any CPU
		{44A82257-53BC-4C63-A936-3F8643B997DB}.Debug|Mixed Platforms.ActiveCfg = Debug|Any CPU
		{44A82257-53BC-4C63-A936-3F8643B997DB}.Debug|Mixed Platforms.Build.0 = Debug|Any CPU
		{44A82257-53BC-4C63-A936-3F8643B997DB}.Debug|x86.ActiveCfg = Debug|Any CPU
		{44A82257-53BC-4C63-A936-3F8643B997DB}.Release|Any CPU.ActiveCfg = Release|Any CPU
		{44A82257-53BC-4C63-A936-3F8643B997DB}.Release|Any CPU.Build.0 = Release|Any CPU
		{44A82257-53BC-4C63-A936-3F8643B997DB}.Release|Mixed Platforms.ActiveCfg = Release|Any CPU
		{44A82257-53BC-4C63-A936-3F8643B997DB}.Release|Mixed Platforms.Build.0 = Release|Any CPU
		{44A82257-53BC-4C63-A936-3F8643B997DB}.Release|x86.ActiveCfg = Release|Any CPU
		{B50BB223-CBE7-4B90-97FE-69DD0959AE18}.Debug|Any CPU.ActiveCfg = Debug|Any CPU
		{B50BB223-CBE7-4B90-97FE-69DD0959AE18}.Debug|Any CPU.Build.0 = Debug|Any CPU
		{B50BB223-CBE7-4B90-97FE-69DD0959AE18}.Debug|Mixed Platforms.ActiveCfg = Debug|Any CPU
		{B50BB223-CBE7-4B90-97FE-69DD0959AE18}.Debug|Mixed Platforms.Build.0 = Debug|Any CPU
		{B50BB223-CBE7-4B90-97FE-69DD0959AE18}.Debug|x86.ActiveCfg = Debug|Any CPU
		{B50BB223-CBE7-4B90-97FE-69DD0959AE18}.Release|Any CPU.ActiveCfg = Release|Any CPU
		{B50BB223-CBE7-4B90-97FE-69DD0959AE18}.Release|Any CPU.Build.0 = Release|Any CPU
		{B50BB223-CBE7-4B90-97FE-69DD0959AE18}.Release|Mixed Platforms.ActiveCfg = Release|Any CPU
		{B50BB223-CBE7-4B90-97FE-69DD0959AE18}.Release|Mixed Platforms.Build.0 = Release|Any CPU
		{B50BB223-CBE7-4B90-97FE-69DD0959AE18}.Release|x86.ActiveCfg = Release|Any CPU
		{DE98B8D7-BA24-4352-A15E-6962B9D5B1C3}.Debug|Any CPU.ActiveCfg = Debug|Any CPU
		{DE98B8D7-BA24-4352-A15E-6962B9D5B1C3}.Debug|Any CPU.Build.0 = Debug|Any CPU
		{DE98B8D7-BA24-4352-A15E-6962B9D5B1C3}.Debug|Mixed Platforms.ActiveCfg = Debug|Any CPU
		{DE98B8D7-BA24-4352-A15E-6962B9D5B1C3}.Debug|Mixed Platforms.Build.0 = Debug|Any CPU
		{DE98B8D7-BA24-4352-A15E-6962B9D5B1C3}.Debug|x86.ActiveCfg = Debug|Any CPU
		{DE98B8D7-BA24-4352-A15E-6962B9D5B1C3}.Release|Any CPU.ActiveCfg = Release|Any CPU
		{DE98B8D7-BA24-4352-A15E-6962B9D5B1C3}.Release|Any CPU.Build.0 = Release|Any CPU
		{DE98B8D7-BA24-4352-A15E-6962B9D5B1C3}.Release|Mixed Platforms.ActiveCfg = Release|Any CPU
		{DE98B8D7-BA24-4352-A15E-6962B9D5B1C3}.Release|Mixed Platforms.Build.0 = Release|Any CPU
		{DE98B8D7-BA24-4352-A15E-6962B9D5B1C3}.Release|x86.ActiveCfg = Release|Any CPU
	EndGlobalSection
	GlobalSection(SolutionProperties) = preSolution
		HideSolutionNode = FALSE
	EndGlobalSection
	GlobalSection(NestedProjects) = preSolution
		{DA2D26C5-503A-4C94-B323-E05DBF5607EA} = {7EF4EC22-0C4D-42EF-A3F0-8E70C92CF495}
		{7D26D0EE-495A-4AE1-BBE5-CB2A1EC80918} = {7EF4EC22-0C4D-42EF-A3F0-8E70C92CF495}
		{6D04DB1B-A08D-486C-AA11-5D39173B6541} = {DA2D26C5-503A-4C94-B323-E05DBF5607EA}
		{38043EAD-35DC-4A63-B4C8-8E472A61938E} = {DA2D26C5-503A-4C94-B323-E05DBF5607EA}
		{53B65E7F-6B1A-4B06-A535-878C1F62706C} = {DA2D26C5-503A-4C94-B323-E05DBF5607EA}
		{2F5B28D1-9332-4762-94F9-E8B7335E68E2} = {7D26D0EE-495A-4AE1-BBE5-CB2A1EC80918}
		{3AAB5148-589A-43B0-A472-DD2F3D36034F} = {6D01BCE6-CFF2-4897-A82A-8DA4ACC9A0DA}
		{E3A6DC2F-C95F-4837-BA81-F39291EC4B24} = {6D01BCE6-CFF2-4897-A82A-8DA4ACC9A0DA}
		{0C9E4CCF-F4C0-4130-A686-2F13DB2C2E5E} = {6D01BCE6-CFF2-4897-A82A-8DA4ACC9A0DA}
		{5CF8B683-03CC-4D4F-92D9-DA159E909F84} = {3AAB5148-589A-43B0-A472-DD2F3D36034F}
		{848183DF-DC31-45FE-9319-F141F90BD68E} = {1EA4E402-EB80-479B-A9A1-0601E9B06BA6}
		{20AC5E32-03BE-4425-B2D4-E96885CA95A1} = {E3A6DC2F-C95F-4837-BA81-F39291EC4B24}
		{44A82257-53BC-4C63-A936-3F8643B997DB} = {0C9E4CCF-F4C0-4130-A686-2F13DB2C2E5E}
		{B50BB223-CBE7-4B90-97FE-69DD0959AE18} = {0C9E4CCF-F4C0-4130-A686-2F13DB2C2E5E}
		{DE98B8D7-BA24-4352-A15E-6962B9D5B1C3} = {0C9E4CCF-F4C0-4130-A686-2F13DB2C2E5E}
	EndGlobalSection
EndGlobal
