
Microsoft Visual Studio Solution File, Format Version 12.00
# Visual Studio 2010
Project("{2150E333-8FDC-42A3-9474-1A3956D46DE8}") = "01_第三方插件", "01_第三方插件", "{7EF4EC22-0C4D-42EF-A3F0-8E70C92CF495}"
EndProject
Project("{FAE04EC0-301F-11D3-BF4B-00C04F79EFBC}") = "Demo.WinForm.GeckoFX", "第三方插件\Demo.WinForm.GeckoFX\Demo.WinForm.GeckoFX.csproj", "{38043EAD-35DC-4A63-B4C8-8E472A61938E}"
EndProject
Project("{FAE04EC0-301F-11D3-BF4B-00C04F79EFBC}") = "Demo.Common.GeckoFxHelper", "第三方插件\Demo.Common.GeckoFxHelper\Demo.Common.GeckoFxHelper.csproj", "{6D04DB1B-A08D-486C-AA11-5D39173B6541}"
EndProject
Global
	GlobalSection(SolutionConfigurationPlatforms) = preSolution
		Debug|Any CPU = Debug|Any CPU
		Debug|Mixed Platforms = Debug|Mixed Platforms
		Debug|x86 = Debug|x86
		Release|Any CPU = Release|Any CPU
		Release|Mixed Platforms = Release|Mixed Platforms
		Release|x86 = Release|x86
	EndGlobalSection
	GlobalSection(ProjectConfigurationPlatforms) = postSolution
		{38043EAD-35DC-4A63-B4C8-8E472A61938E}.Debug|Any CPU.ActiveCfg = Debug|x86
		{38043EAD-35DC-4A63-B4C8-8E472A61938E}.Debug|Mixed Platforms.ActiveCfg = Debug|x86
		{38043EAD-35DC-4A63-B4C8-8E472A61938E}.Debug|Mixed Platforms.Build.0 = Debug|x86
		{38043EAD-35DC-4A63-B4C8-8E472A61938E}.Debug|x86.ActiveCfg = Debug|x86
		{38043EAD-35DC-4A63-B4C8-8E472A61938E}.Debug|x86.Build.0 = Debug|x86
		{38043EAD-35DC-4A63-B4C8-8E472A61938E}.Release|Any CPU.ActiveCfg = Release|x86
		{38043EAD-35DC-4A63-B4C8-8E472A61938E}.Release|Mixed Platforms.ActiveCfg = Release|x86
		{38043EAD-35DC-4A63-B4C8-8E472A61938E}.Release|Mixed Platforms.Build.0 = Release|x86
		{38043EAD-35DC-4A63-B4C8-8E472A61938E}.Release|x86.ActiveCfg = Release|x86
		{38043EAD-35DC-4A63-B4C8-8E472A61938E}.Release|x86.Build.0 = Release|x86
		{6D04DB1B-A08D-486C-AA11-5D39173B6541}.Debug|Any CPU.ActiveCfg = Debug|Any CPU
		{6D04DB1B-A08D-486C-AA11-5D39173B6541}.Debug|Any CPU.Build.0 = Debug|Any CPU
		{6D04DB1B-A08D-486C-AA11-5D39173B6541}.Debug|Mixed Platforms.ActiveCfg = Debug|Any CPU
		{6D04DB1B-A08D-486C-AA11-5D39173B6541}.Debug|Mixed Platforms.Build.0 = Debug|Any CPU
		{6D04DB1B-A08D-486C-AA11-5D39173B6541}.Debug|x86.ActiveCfg = Debug|Any CPU
		{6D04DB1B-A08D-486C-AA11-5D39173B6541}.Release|Any CPU.ActiveCfg = Release|Any CPU
		{6D04DB1B-A08D-486C-AA11-5D39173B6541}.Release|Any CPU.Build.0 = Release|Any CPU
		{6D04DB1B-A08D-486C-AA11-5D39173B6541}.Release|Mixed Platforms.ActiveCfg = Release|Any CPU
		{6D04DB1B-A08D-486C-AA11-5D39173B6541}.Release|Mixed Platforms.Build.0 = Release|Any CPU
		{6D04DB1B-A08D-486C-AA11-5D39173B6541}.Release|x86.ActiveCfg = Release|Any CPU
	EndGlobalSection
	GlobalSection(SolutionProperties) = preSolution
		HideSolutionNode = FALSE
	EndGlobalSection
	GlobalSection(NestedProjects) = preSolution
		{38043EAD-35DC-4A63-B4C8-8E472A61938E} = {7EF4EC22-0C4D-42EF-A3F0-8E70C92CF495}
		{6D04DB1B-A08D-486C-AA11-5D39173B6541} = {7EF4EC22-0C4D-42EF-A3F0-8E70C92CF495}
	EndGlobalSection
EndGlobal
