
Microsoft Visual Studio Solution File, Format Version 12.00
# Visual Studio 2013
VisualStudioVersion = 12.0.21005.1
MinimumVisualStudioVersion = 10.0.40219.1
Project("{2150E333-8FDC-42A3-9474-1A3956D46DE8}") = "01_第三方插件", "01_第三方插件", "{7EF4EC22-0C4D-42EF-A3F0-8E70C92CF495}"
EndProject
Project("{2150E333-8FDC-42A3-9474-1A3956D46DE8}") = "GeckoFX", "GeckoFX", "{DA2D26C5-503A-4C94-B323-E05DBF5607EA}"
	ProjectSection(SolutionItems) = preProject
		第三方插件\GeckoFX\资源文档.txt = 第三方插件\GeckoFX\资源文档.txt
	EndProjectSection
EndProject
Project("{FAE04EC0-301F-11D3-BF4B-00C04F79EFBC}") = "Demo.Common.GeckoFxHelper", "第三方插件\GeckoFX\Demo.Common.GeckoFxHelper\Demo.Common.GeckoFxHelper.csproj", "{6D04DB1B-A08D-486C-AA11-5D39173B6541}"
EndProject
Project("{FAE04EC0-301F-11D3-BF4B-00C04F79EFBC}") = "Demo.WinForm.GeckoFX", "第三方插件\GeckoFX\Demo.WinForm.GeckoFX\Demo.WinForm.GeckoFX.csproj", "{38043EAD-35DC-4A63-B4C8-8E472A61938E}"
EndProject
Project("{2150E333-8FDC-42A3-9474-1A3956D46DE8}") = "Tesseract3", "Tesseract3", "{7D26D0EE-495A-4AE1-BBE5-CB2A1EC80918}"
EndProject
Project("{FAE04EC0-301F-11D3-BF4B-00C04F79EFBC}") = "Demo.WinForm.Tesseract", "第三方插件\Tesseract3\Demo.WinForm.Tesseract\Demo.WinForm.Tesseract.csproj", "{2F5B28D1-9332-4762-94F9-E8B7335E68E2}"
EndProject
Project("{FAE04EC0-301F-11D3-BF4B-00C04F79EFBC}") = "Demo.WebSites.ZhiHu", "第三方插件\GeckoFX\Demo.WebSites.ZhiHu\Demo.WebSites.ZhiHu.csproj", "{53B65E7F-6B1A-4B06-A535-878C1F62706C}"
EndProject
Project("{2150E333-8FDC-42A3-9474-1A3956D46DE8}") = "02.Net编程", "02.Net编程", "{6D01BCE6-CFF2-4897-A82A-8DA4ACC9A0DA}"
EndProject
Project("{2150E333-8FDC-42A3-9474-1A3956D46DE8}") = "启动本地程序", "启动本地程序", "{3AAB5148-589A-43B0-A472-DD2F3D36034F}"
	ProjectSection(SolutionItems) = preProject
		Net编程\Demo.Net.StartUpProgram\TestConsole.exe = Net编程\Demo.Net.StartUpProgram\TestConsole.exe
	EndProjectSection
EndProject
Project("{FAE04EC0-301F-11D3-BF4B-00C04F79EFBC}") = "Demo.Net.StartUpProgram", "Net编程\Demo.Net.StartUpProgram\Demo.Net.StartUpProgram.csproj", "{5CF8B683-03CC-4D4F-92D9-DA159E909F84}"
EndProject
Project("{2150E333-8FDC-42A3-9474-1A3956D46DE8}") = "10.调试", "10.调试", "{1EA4E402-EB80-479B-A9A1-0601E9B06BA6}"
EndProject
Project("{FAE04EC0-301F-11D3-BF4B-00C04F79EFBC}") = "Demo.UnitTest.StartUpProgram", "调试\Demo.UnitTest.StartUpProgram\Demo.UnitTest.StartUpProgram.csproj", "{848183DF-DC31-45FE-9319-F141F90BD68E}"
EndProject
Project("{2150E333-8FDC-42A3-9474-1A3956D46DE8}") = "Windows弹框点击", "Windows弹框点击", "{E3A6DC2F-C95F-4837-BA81-F39291EC4B24}"
EndProject
Project("{FAE04EC0-301F-11D3-BF4B-00C04F79EFBC}") = "Demo.Net.ClickBombbox", "Net编程\Demo.Net.ClickBombbox\Demo.Net.ClickBombbox.csproj", "{20AC5E32-03BE-4425-B2D4-E96885CA95A1}"
EndProject
Project("{2150E333-8FDC-42A3-9474-1A3956D46DE8}") = "反射", "反射", "{0C9E4CCF-F4C0-4130-A686-2F13DB2C2E5E}"
EndProject
Project("{FAE04EC0-301F-11D3-BF4B-00C04F79EFBC}") = "Demo.Net.Reflection", "Net编程\Demo.Net.Reflection\Demo.Net.Reflection.csproj", "{44A82257-53BC-4C63-A936-3F8643B997DB}"
EndProject
Project("{FAE04EC0-301F-11D3-BF4B-00C04F79EFBC}") = "Demo.Net.ReflectionDebugByConsole", "Net编程\Demo.Net.ReflectionDebugByConsole\Demo.Net.ReflectionDebugByConsole.csproj", "{B50BB223-CBE7-4B90-97FE-69DD0959AE18}"
EndProject
Project("{FAE04EC0-301F-11D3-BF4B-00C04F79EFBC}") = "Demo.Net.IReflection", "Net编程\Demo.Net.IReflection\Demo.Net.IReflection.csproj", "{DE98B8D7-BA24-4352-A15E-6962B9D5B1C3}"
EndProject
Project("{FAE04EC0-301F-11D3-BF4B-00C04F79EFBC}") = "Demo.WebSites.ShouShang", "第三方插件\GeckoFX\Demo.WebSites.ShouShang\Demo.WebSites.ShouShang.csproj", "{ECE1F050-834F-4119-928A-222CA0B8D41A}"
EndProject
Project("{2150E333-8FDC-42A3-9474-1A3956D46DE8}") = "03.ORM", "03.ORM", "{AB337B85-3D6F-457F-B0E4-B8E1738D0A4E}"
EndProject
Project("{2150E333-8FDC-42A3-9474-1A3956D46DE8}") = "SqlSugar", "SqlSugar", "{841CDB83-5B95-489E-8057-D085852C91B9}"
EndProject
Project("{FAE04EC0-301F-11D3-BF4B-00C04F79EFBC}") = "Demo.ORM.MySqlSugar", "ORM\Demo.ORM.MySqlSugar\Demo.ORM.MySqlSugar.csproj", "{CF04E7A1-0767-430C-A329-9C54CB5C4B16}"
EndProject
Project("{2150E333-8FDC-42A3-9474-1A3956D46DE8}") = ".nuget", ".nuget", "{9DAF19AF-73B9-431B-A96A-E140EDAAC51B}"
	ProjectSection(SolutionItems) = preProject
		.nuget\NuGet.Config = .nuget\NuGet.Config
		.nuget\NuGet.exe = .nuget\NuGet.exe
		.nuget\NuGet.targets = .nuget\NuGet.targets
	EndProjectSection
EndProject
Project("{2150E333-8FDC-42A3-9474-1A3956D46DE8}") = "04Web", "04Web", "{476692F9-A06D-468A-8E0B-9ABA13D75C34}"
EndProject
Project("{2150E333-8FDC-42A3-9474-1A3956D46DE8}") = "D_Mvc", "D_Mvc", "{786DBB33-5A84-460D-B7A8-DB4B9B54027E}"
EndProject
Project("{2150E333-8FDC-42A3-9474-1A3956D46DE8}") = "05.破解", "05.破解", "{04AB37E0-9A79-4ADC-9FC4-A31F5DC2D799}"
EndProject
Project("{2150E333-8FDC-42A3-9474-1A3956D46DE8}") = "Geetest", "Geetest", "{726AA640-C46E-425F-A4D1-4E680481EE73}"
EndProject
Project("{FAE04EC0-301F-11D3-BF4B-00C04F79EFBC}") = "Demo.BreakTheCode.Geetest", "破解\Demo.BreakTheCode.Geetest\Demo.BreakTheCode.Geetest.csproj", "{24EAEAC3-DD6F-4CDC-8386-D801E1447EEA}"
EndProject
Project("{FAE04EC0-301F-11D3-BF4B-00C04F79EFBC}") = "Demo.Test.Greetest", "第三方插件\GeckoFX\Demo.Test.Greetest\Demo.Test.Greetest.csproj", "{11543AB7-8AFD-4594-99F2-13A532A25F0E}"
EndProject
Project("{2150E333-8FDC-42A3-9474-1A3956D46DE8}") = "PhantomJS", "PhantomJS", "{3013D8AC-50AC-4973-AFC3-230EFB834AB2}"
EndProject
Project("{2150E333-8FDC-42A3-9474-1A3956D46DE8}") = "NodeJs", "NodeJs", "{A3E5BBF7-719B-461C-BB2F-3F4CF3DB7CC2}"
EndProject
Project("{9092AA53-FB77-4645-B42D-1CCCA6BD08BD}") = "Demo.Console.NodeJs", "第三方插件\NodeJs\Demo.Console.NodeJs\Demo.Console.NodeJs.njsproj", "{842E60B7-7B38-4B29-AB5C-846ECA97F10E}"
EndProject
Project("{9092AA53-FB77-4645-B42D-1CCCA6BD08BD}") = "Demo.Web.NodeJs", "第三方插件\NodeJs\Demo.Web.NodeJs\Demo.Web.NodeJs.njsproj", "{BBCBBD99-EA7A-4F06-9A2A-6B58F6A965B1}"
EndProject
Project("{FAE04EC0-301F-11D3-BF4B-00C04F79EFBC}") = "Demo.WebSites.Alibaba", "第三方插件\GeckoFX\Demo.WebSites.Alibaba\Demo.WebSites.Alibaba.csproj", "{73386BB4-FA63-403C-89CC-697C4BB168C7}"
EndProject
Project("{FAE04EC0-301F-11D3-BF4B-00C04F79EFBC}") = "Demo.WebSites.P2P01", "第三方插件\GeckoFX\Demo.WebSites.P2P01\Demo.WebSites.P2P01.csproj", "{C3654E15-9258-4221-AE16-22202EF6623D}"
EndProject
Project("{FAE04EC0-301F-11D3-BF4B-00C04F79EFBC}") = "Demo.WebSites", "第三方插件\GeckoFX\Demo.WebSites\Demo.WebSites.csproj", "{E67C8D3D-247F-4BE2-9EC7-C74BA6B9E7B5}"
EndProject
Project("{2150E333-8FDC-42A3-9474-1A3956D46DE8}") = "Autofac", "Autofac", "{74463FA2-2B35-475D-AC30-7FE35DCF0EAD}"
EndProject
Project("{FAE04EC0-301F-11D3-BF4B-00C04F79EFBC}") = "Demo.Mvc.Common", "Web\Mvc\Demo.Mvc.Common\Demo.Mvc.Common.csproj", "{78514EBC-36FF-4CBF-9A8A-2EFC4E555DD9}"
EndProject
Project("{FAE04EC0-301F-11D3-BF4B-00C04F79EFBC}") = "Demo.Mvc.Services", "Web\Services\Demo.Services.CompanyService\Demo.Mvc.Services.csproj", "{5206815B-DC13-45B2-B714-3175031DC125}"
EndProject
Project("{2150E333-8FDC-42A3-9474-1A3956D46DE8}") = "C_Services", "C_Services", "{E9EBC7C6-D255-44FF-B4F0-E72D5085168E}"
EndProject
Project("{2150E333-8FDC-42A3-9474-1A3956D46DE8}") = "B_Data", "B_Data", "{A27830AD-87EE-4D87-8988-7CA4EEE7FE93}"
EndProject
Project("{FAE04EC0-301F-11D3-BF4B-00C04F79EFBC}") = "Demo.Mvc.Data", "Web\Data\Demo.Mvc.Data\Demo.Mvc.Data.csproj", "{0F9B2097-80BB-4A36-8CFE-50606A04329D}"
EndProject
Project("{2150E333-8FDC-42A3-9474-1A3956D46DE8}") = "A_Common", "A_Common", "{2E2CC1B4-83EB-48CA-8D8B-18DF89CD115D}"
EndProject
Project("{FAE04EC0-301F-11D3-BF4B-00C04F79EFBC}") = "Demo.Mvc.Dll", "Web\Common\Demo.Mvc.Common\Demo.Mvc.Dll\Demo.Mvc.Dll.csproj", "{E69290A5-5449-4F54-8EAE-4CF3510C9812}"
EndProject
Project("{2150E333-8FDC-42A3-9474-1A3956D46DE8}") = "RabbitMQ", "RabbitMQ", "{1A2893F5-738B-4B13-93BD-890E57FF1B03}"
EndProject
Project("{FAE04EC0-301F-11D3-BF4B-00C04F79EFBC}") = "Demo.Console.RabbitMQ", "第三方插件\RabbitMQ\Demo.Console.RabbitMQ\Demo.Console.RabbitMQ.csproj", "{62C3D41D-51BA-41C9-B7DC-795F830DEE6A}"
EndProject
Project("{FAE04EC0-301F-11D3-BF4B-00C04F79EFBC}") = "Demo.UnitTest.StringRepeat", "调试\Demo.UnitTest.StringRepeat\Demo.UnitTest.StringRepeat.csproj", "{D40CDD2B-5AEA-44FC-BA53-F576DE24E7A0}"
EndProject
Project("{2150E333-8FDC-42A3-9474-1A3956D46DE8}") = "JieBa", "JieBa", "{4D3285DA-89B8-4109-B0DC-6D6FFFC6FAAD}"
EndProject
Project("{FAE04EC0-301F-11D3-BF4B-00C04F79EFBC}") = "Demo.Word.JieBaWord", "第三方插件\Demo.Word.JieBaWord\Demo.Word.JieBaWord.csproj", "{23D00DB9-79E1-42AB-A4B2-C948592655C3}"
EndProject
Project("{FAE04EC0-301F-11D3-BF4B-00C04F79EFBC}") = "Webdiyer.WebControls.Mvc", "Web\Common\Webdiyer.WebControls.Mvc\Webdiyer.WebControls.Mvc.csproj", "{E727825D-F06E-4C69-978F-154770835EE9}"
EndProject
Project("{2150E333-8FDC-42A3-9474-1A3956D46DE8}") = "公共方法", "公共方法", "{D6DEAF09-19FF-4EAE-BE8A-0F4A080DCAFF}"
EndProject
Project("{FAE04EC0-301F-11D3-BF4B-00C04F79EFBC}") = "Demo.Infrastructure", "Net编程\Demo.Net.Infrastructure\Demo.Infrastructure.csproj", "{9386ED52-AD9D-40CA-AE05-96915DF20557}"
EndProject
Project("{FAE04EC0-301F-11D3-BF4B-00C04F79EFBC}") = "Demo.Class.Log4Net", "第三方插件\Log4Net\Demo.Class.Log4Net\Demo.Class.Log4Net.csproj", "{4FBB8841-BF9B-408E-B9D4-6DC6F066CA1B}"
EndProject
Project("{2150E333-8FDC-42A3-9474-1A3956D46DE8}") = "Log4Net", "Log4Net", "{0EE24663-B374-47CA-B395-D827923D5D51}"
EndProject
Global
	GlobalSection(SolutionConfigurationPlatforms) = preSolution
		Debug|Any CPU = Debug|Any CPU
		Debug|Mixed Platforms = Debug|Mixed Platforms
		Debug|x64 = Debug|x64
		Debug|x86 = Debug|x86
		Release|Any CPU = Release|Any CPU
		Release|Mixed Platforms = Release|Mixed Platforms
		Release|x64 = Release|x64
		Release|x86 = Release|x86
	EndGlobalSection
	GlobalSection(ProjectConfigurationPlatforms) = postSolution
		{6D04DB1B-A08D-486C-AA11-5D39173B6541}.Debug|Any CPU.ActiveCfg = Debug|Any CPU
		{6D04DB1B-A08D-486C-AA11-5D39173B6541}.Debug|Any CPU.Build.0 = Debug|Any CPU
		{6D04DB1B-A08D-486C-AA11-5D39173B6541}.Debug|Mixed Platforms.ActiveCfg = Debug|Any CPU
		{6D04DB1B-A08D-486C-AA11-5D39173B6541}.Debug|Mixed Platforms.Build.0 = Debug|Any CPU
		{6D04DB1B-A08D-486C-AA11-5D39173B6541}.Debug|x64.ActiveCfg = Debug|Any CPU
		{6D04DB1B-A08D-486C-AA11-5D39173B6541}.Debug|x86.ActiveCfg = Debug|Any CPU
		{6D04DB1B-A08D-486C-AA11-5D39173B6541}.Release|Any CPU.ActiveCfg = Release|Any CPU
		{6D04DB1B-A08D-486C-AA11-5D39173B6541}.Release|Any CPU.Build.0 = Release|Any CPU
		{6D04DB1B-A08D-486C-AA11-5D39173B6541}.Release|Mixed Platforms.ActiveCfg = Release|Any CPU
		{6D04DB1B-A08D-486C-AA11-5D39173B6541}.Release|Mixed Platforms.Build.0 = Release|Any CPU
		{6D04DB1B-A08D-486C-AA11-5D39173B6541}.Release|x64.ActiveCfg = Release|Any CPU
		{6D04DB1B-A08D-486C-AA11-5D39173B6541}.Release|x86.ActiveCfg = Release|Any CPU
		{38043EAD-35DC-4A63-B4C8-8E472A61938E}.Debug|Any CPU.ActiveCfg = Debug|x86
		{38043EAD-35DC-4A63-B4C8-8E472A61938E}.Debug|Mixed Platforms.ActiveCfg = Debug|x86
		{38043EAD-35DC-4A63-B4C8-8E472A61938E}.Debug|Mixed Platforms.Build.0 = Debug|x86
		{38043EAD-35DC-4A63-B4C8-8E472A61938E}.Debug|x64.ActiveCfg = Debug|x86
		{38043EAD-35DC-4A63-B4C8-8E472A61938E}.Debug|x86.ActiveCfg = Debug|x86
		{38043EAD-35DC-4A63-B4C8-8E472A61938E}.Debug|x86.Build.0 = Debug|x86
		{38043EAD-35DC-4A63-B4C8-8E472A61938E}.Release|Any CPU.ActiveCfg = Release|x86
		{38043EAD-35DC-4A63-B4C8-8E472A61938E}.Release|Mixed Platforms.ActiveCfg = Release|x86
		{38043EAD-35DC-4A63-B4C8-8E472A61938E}.Release|Mixed Platforms.Build.0 = Release|x86
		{38043EAD-35DC-4A63-B4C8-8E472A61938E}.Release|x64.ActiveCfg = Release|x86
		{38043EAD-35DC-4A63-B4C8-8E472A61938E}.Release|x86.ActiveCfg = Release|x86
		{38043EAD-35DC-4A63-B4C8-8E472A61938E}.Release|x86.Build.0 = Release|x86
		{2F5B28D1-9332-4762-94F9-E8B7335E68E2}.Debug|Any CPU.ActiveCfg = Debug|x86
		{2F5B28D1-9332-4762-94F9-E8B7335E68E2}.Debug|Mixed Platforms.ActiveCfg = Debug|x86
		{2F5B28D1-9332-4762-94F9-E8B7335E68E2}.Debug|Mixed Platforms.Build.0 = Debug|x86
		{2F5B28D1-9332-4762-94F9-E8B7335E68E2}.Debug|x64.ActiveCfg = Debug|x64
		{2F5B28D1-9332-4762-94F9-E8B7335E68E2}.Debug|x64.Build.0 = Debug|x64
		{2F5B28D1-9332-4762-94F9-E8B7335E68E2}.Debug|x86.ActiveCfg = Debug|x86
		{2F5B28D1-9332-4762-94F9-E8B7335E68E2}.Debug|x86.Build.0 = Debug|x86
		{2F5B28D1-9332-4762-94F9-E8B7335E68E2}.Release|Any CPU.ActiveCfg = Release|x86
		{2F5B28D1-9332-4762-94F9-E8B7335E68E2}.Release|Mixed Platforms.ActiveCfg = Release|x86
		{2F5B28D1-9332-4762-94F9-E8B7335E68E2}.Release|Mixed Platforms.Build.0 = Release|x86
		{2F5B28D1-9332-4762-94F9-E8B7335E68E2}.Release|x64.ActiveCfg = Release|x64
		{2F5B28D1-9332-4762-94F9-E8B7335E68E2}.Release|x64.Build.0 = Release|x64
		{2F5B28D1-9332-4762-94F9-E8B7335E68E2}.Release|x86.ActiveCfg = Release|x86
		{2F5B28D1-9332-4762-94F9-E8B7335E68E2}.Release|x86.Build.0 = Release|x86
		{53B65E7F-6B1A-4B06-A535-878C1F62706C}.Debug|Any CPU.ActiveCfg = Debug|Any CPU
		{53B65E7F-6B1A-4B06-A535-878C1F62706C}.Debug|Any CPU.Build.0 = Debug|Any CPU
		{53B65E7F-6B1A-4B06-A535-878C1F62706C}.Debug|Mixed Platforms.ActiveCfg = Debug|Any CPU
		{53B65E7F-6B1A-4B06-A535-878C1F62706C}.Debug|Mixed Platforms.Build.0 = Debug|Any CPU
		{53B65E7F-6B1A-4B06-A535-878C1F62706C}.Debug|x64.ActiveCfg = Debug|Any CPU
		{53B65E7F-6B1A-4B06-A535-878C1F62706C}.Debug|x86.ActiveCfg = Debug|Any CPU
		{53B65E7F-6B1A-4B06-A535-878C1F62706C}.Release|Any CPU.ActiveCfg = Release|Any CPU
		{53B65E7F-6B1A-4B06-A535-878C1F62706C}.Release|Any CPU.Build.0 = Release|Any CPU
		{53B65E7F-6B1A-4B06-A535-878C1F62706C}.Release|Mixed Platforms.ActiveCfg = Release|Any CPU
		{53B65E7F-6B1A-4B06-A535-878C1F62706C}.Release|Mixed Platforms.Build.0 = Release|Any CPU
		{53B65E7F-6B1A-4B06-A535-878C1F62706C}.Release|x64.ActiveCfg = Release|Any CPU
		{53B65E7F-6B1A-4B06-A535-878C1F62706C}.Release|x86.ActiveCfg = Release|Any CPU
		{5CF8B683-03CC-4D4F-92D9-DA159E909F84}.Debug|Any CPU.ActiveCfg = Debug|Any CPU
		{5CF8B683-03CC-4D4F-92D9-DA159E909F84}.Debug|Any CPU.Build.0 = Debug|Any CPU
		{5CF8B683-03CC-4D4F-92D9-DA159E909F84}.Debug|Mixed Platforms.ActiveCfg = Debug|Any CPU
		{5CF8B683-03CC-4D4F-92D9-DA159E909F84}.Debug|Mixed Platforms.Build.0 = Debug|Any CPU
		{5CF8B683-03CC-4D4F-92D9-DA159E909F84}.Debug|x64.ActiveCfg = Debug|Any CPU
		{5CF8B683-03CC-4D4F-92D9-DA159E909F84}.Debug|x86.ActiveCfg = Debug|Any CPU
		{5CF8B683-03CC-4D4F-92D9-DA159E909F84}.Release|Any CPU.ActiveCfg = Release|Any CPU
		{5CF8B683-03CC-4D4F-92D9-DA159E909F84}.Release|Any CPU.Build.0 = Release|Any CPU
		{5CF8B683-03CC-4D4F-92D9-DA159E909F84}.Release|Mixed Platforms.ActiveCfg = Release|Any CPU
		{5CF8B683-03CC-4D4F-92D9-DA159E909F84}.Release|Mixed Platforms.Build.0 = Release|Any CPU
		{5CF8B683-03CC-4D4F-92D9-DA159E909F84}.Release|x64.ActiveCfg = Release|Any CPU
		{5CF8B683-03CC-4D4F-92D9-DA159E909F84}.Release|x86.ActiveCfg = Release|Any CPU
		{848183DF-DC31-45FE-9319-F141F90BD68E}.Debug|Any CPU.ActiveCfg = Debug|Any CPU
		{848183DF-DC31-45FE-9319-F141F90BD68E}.Debug|Any CPU.Build.0 = Debug|Any CPU
		{848183DF-DC31-45FE-9319-F141F90BD68E}.Debug|Mixed Platforms.ActiveCfg = Debug|Any CPU
		{848183DF-DC31-45FE-9319-F141F90BD68E}.Debug|Mixed Platforms.Build.0 = Debug|Any CPU
		{848183DF-DC31-45FE-9319-F141F90BD68E}.Debug|x64.ActiveCfg = Debug|Any CPU
		{848183DF-DC31-45FE-9319-F141F90BD68E}.Debug|x86.ActiveCfg = Debug|Any CPU
		{848183DF-DC31-45FE-9319-F141F90BD68E}.Release|Any CPU.ActiveCfg = Release|Any CPU
		{848183DF-DC31-45FE-9319-F141F90BD68E}.Release|Any CPU.Build.0 = Release|Any CPU
		{848183DF-DC31-45FE-9319-F141F90BD68E}.Release|Mixed Platforms.ActiveCfg = Release|Any CPU
		{848183DF-DC31-45FE-9319-F141F90BD68E}.Release|Mixed Platforms.Build.0 = Release|Any CPU
		{848183DF-DC31-45FE-9319-F141F90BD68E}.Release|x64.ActiveCfg = Release|Any CPU
		{848183DF-DC31-45FE-9319-F141F90BD68E}.Release|x86.ActiveCfg = Release|Any CPU
		{20AC5E32-03BE-4425-B2D4-E96885CA95A1}.Debug|Any CPU.ActiveCfg = Debug|Any CPU
		{20AC5E32-03BE-4425-B2D4-E96885CA95A1}.Debug|Any CPU.Build.0 = Debug|Any CPU
		{20AC5E32-03BE-4425-B2D4-E96885CA95A1}.Debug|Mixed Platforms.ActiveCfg = Debug|Any CPU
		{20AC5E32-03BE-4425-B2D4-E96885CA95A1}.Debug|Mixed Platforms.Build.0 = Debug|Any CPU
		{20AC5E32-03BE-4425-B2D4-E96885CA95A1}.Debug|x64.ActiveCfg = Debug|Any CPU
		{20AC5E32-03BE-4425-B2D4-E96885CA95A1}.Debug|x86.ActiveCfg = Debug|Any CPU
		{20AC5E32-03BE-4425-B2D4-E96885CA95A1}.Release|Any CPU.ActiveCfg = Release|Any CPU
		{20AC5E32-03BE-4425-B2D4-E96885CA95A1}.Release|Any CPU.Build.0 = Release|Any CPU
		{20AC5E32-03BE-4425-B2D4-E96885CA95A1}.Release|Mixed Platforms.ActiveCfg = Release|Any CPU
		{20AC5E32-03BE-4425-B2D4-E96885CA95A1}.Release|Mixed Platforms.Build.0 = Release|Any CPU
		{20AC5E32-03BE-4425-B2D4-E96885CA95A1}.Release|x64.ActiveCfg = Release|Any CPU
		{20AC5E32-03BE-4425-B2D4-E96885CA95A1}.Release|x86.ActiveCfg = Release|Any CPU
		{44A82257-53BC-4C63-A936-3F8643B997DB}.Debug|Any CPU.ActiveCfg = Debug|Any CPU
		{44A82257-53BC-4C63-A936-3F8643B997DB}.Debug|Any CPU.Build.0 = Debug|Any CPU
		{44A82257-53BC-4C63-A936-3F8643B997DB}.Debug|Mixed Platforms.ActiveCfg = Debug|Any CPU
		{44A82257-53BC-4C63-A936-3F8643B997DB}.Debug|Mixed Platforms.Build.0 = Debug|Any CPU
		{44A82257-53BC-4C63-A936-3F8643B997DB}.Debug|x64.ActiveCfg = Debug|Any CPU
		{44A82257-53BC-4C63-A936-3F8643B997DB}.Debug|x86.ActiveCfg = Debug|Any CPU
		{44A82257-53BC-4C63-A936-3F8643B997DB}.Release|Any CPU.ActiveCfg = Release|Any CPU
		{44A82257-53BC-4C63-A936-3F8643B997DB}.Release|Any CPU.Build.0 = Release|Any CPU
		{44A82257-53BC-4C63-A936-3F8643B997DB}.Release|Mixed Platforms.ActiveCfg = Release|Any CPU
		{44A82257-53BC-4C63-A936-3F8643B997DB}.Release|Mixed Platforms.Build.0 = Release|Any CPU
		{44A82257-53BC-4C63-A936-3F8643B997DB}.Release|x64.ActiveCfg = Release|Any CPU
		{44A82257-53BC-4C63-A936-3F8643B997DB}.Release|x86.ActiveCfg = Release|Any CPU
		{B50BB223-CBE7-4B90-97FE-69DD0959AE18}.Debug|Any CPU.ActiveCfg = Debug|Any CPU
		{B50BB223-CBE7-4B90-97FE-69DD0959AE18}.Debug|Any CPU.Build.0 = Debug|Any CPU
		{B50BB223-CBE7-4B90-97FE-69DD0959AE18}.Debug|Mixed Platforms.ActiveCfg = Debug|Any CPU
		{B50BB223-CBE7-4B90-97FE-69DD0959AE18}.Debug|Mixed Platforms.Build.0 = Debug|Any CPU
		{B50BB223-CBE7-4B90-97FE-69DD0959AE18}.Debug|x64.ActiveCfg = Debug|Any CPU
		{B50BB223-CBE7-4B90-97FE-69DD0959AE18}.Debug|x86.ActiveCfg = Debug|Any CPU
		{B50BB223-CBE7-4B90-97FE-69DD0959AE18}.Release|Any CPU.ActiveCfg = Release|Any CPU
		{B50BB223-CBE7-4B90-97FE-69DD0959AE18}.Release|Any CPU.Build.0 = Release|Any CPU
		{B50BB223-CBE7-4B90-97FE-69DD0959AE18}.Release|Mixed Platforms.ActiveCfg = Release|Any CPU
		{B50BB223-CBE7-4B90-97FE-69DD0959AE18}.Release|Mixed Platforms.Build.0 = Release|Any CPU
		{B50BB223-CBE7-4B90-97FE-69DD0959AE18}.Release|x64.ActiveCfg = Release|Any CPU
		{B50BB223-CBE7-4B90-97FE-69DD0959AE18}.Release|x86.ActiveCfg = Release|Any CPU
		{DE98B8D7-BA24-4352-A15E-6962B9D5B1C3}.Debug|Any CPU.ActiveCfg = Debug|Any CPU
		{DE98B8D7-BA24-4352-A15E-6962B9D5B1C3}.Debug|Any CPU.Build.0 = Debug|Any CPU
		{DE98B8D7-BA24-4352-A15E-6962B9D5B1C3}.Debug|Mixed Platforms.ActiveCfg = Debug|Any CPU
		{DE98B8D7-BA24-4352-A15E-6962B9D5B1C3}.Debug|Mixed Platforms.Build.0 = Debug|Any CPU
		{DE98B8D7-BA24-4352-A15E-6962B9D5B1C3}.Debug|x64.ActiveCfg = Debug|Any CPU
		{DE98B8D7-BA24-4352-A15E-6962B9D5B1C3}.Debug|x86.ActiveCfg = Debug|Any CPU
		{DE98B8D7-BA24-4352-A15E-6962B9D5B1C3}.Release|Any CPU.ActiveCfg = Release|Any CPU
		{DE98B8D7-BA24-4352-A15E-6962B9D5B1C3}.Release|Any CPU.Build.0 = Release|Any CPU
		{DE98B8D7-BA24-4352-A15E-6962B9D5B1C3}.Release|Mixed Platforms.ActiveCfg = Release|Any CPU
		{DE98B8D7-BA24-4352-A15E-6962B9D5B1C3}.Release|Mixed Platforms.Build.0 = Release|Any CPU
		{DE98B8D7-BA24-4352-A15E-6962B9D5B1C3}.Release|x64.ActiveCfg = Release|Any CPU
		{DE98B8D7-BA24-4352-A15E-6962B9D5B1C3}.Release|x86.ActiveCfg = Release|Any CPU
		{ECE1F050-834F-4119-928A-222CA0B8D41A}.Debug|Any CPU.ActiveCfg = Debug|Any CPU
		{ECE1F050-834F-4119-928A-222CA0B8D41A}.Debug|Any CPU.Build.0 = Debug|Any CPU
		{ECE1F050-834F-4119-928A-222CA0B8D41A}.Debug|Mixed Platforms.ActiveCfg = Debug|Any CPU
		{ECE1F050-834F-4119-928A-222CA0B8D41A}.Debug|Mixed Platforms.Build.0 = Debug|Any CPU
		{ECE1F050-834F-4119-928A-222CA0B8D41A}.Debug|x64.ActiveCfg = Debug|Any CPU
		{ECE1F050-834F-4119-928A-222CA0B8D41A}.Debug|x86.ActiveCfg = Debug|Any CPU
		{ECE1F050-834F-4119-928A-222CA0B8D41A}.Release|Any CPU.ActiveCfg = Release|Any CPU
		{ECE1F050-834F-4119-928A-222CA0B8D41A}.Release|Any CPU.Build.0 = Release|Any CPU
		{ECE1F050-834F-4119-928A-222CA0B8D41A}.Release|Mixed Platforms.ActiveCfg = Release|Any CPU
		{ECE1F050-834F-4119-928A-222CA0B8D41A}.Release|Mixed Platforms.Build.0 = Release|Any CPU
		{ECE1F050-834F-4119-928A-222CA0B8D41A}.Release|x64.ActiveCfg = Release|Any CPU
		{ECE1F050-834F-4119-928A-222CA0B8D41A}.Release|x86.ActiveCfg = Release|Any CPU
		{CF04E7A1-0767-430C-A329-9C54CB5C4B16}.Debug|Any CPU.ActiveCfg = Debug|Any CPU
		{CF04E7A1-0767-430C-A329-9C54CB5C4B16}.Debug|Any CPU.Build.0 = Debug|Any CPU
		{CF04E7A1-0767-430C-A329-9C54CB5C4B16}.Debug|Mixed Platforms.ActiveCfg = Debug|Any CPU
		{CF04E7A1-0767-430C-A329-9C54CB5C4B16}.Debug|Mixed Platforms.Build.0 = Debug|Any CPU
		{CF04E7A1-0767-430C-A329-9C54CB5C4B16}.Debug|x64.ActiveCfg = Debug|Any CPU
		{CF04E7A1-0767-430C-A329-9C54CB5C4B16}.Debug|x86.ActiveCfg = Debug|Any CPU
		{CF04E7A1-0767-430C-A329-9C54CB5C4B16}.Release|Any CPU.ActiveCfg = Release|Any CPU
		{CF04E7A1-0767-430C-A329-9C54CB5C4B16}.Release|Any CPU.Build.0 = Release|Any CPU
		{CF04E7A1-0767-430C-A329-9C54CB5C4B16}.Release|Mixed Platforms.ActiveCfg = Release|Any CPU
		{CF04E7A1-0767-430C-A329-9C54CB5C4B16}.Release|Mixed Platforms.Build.0 = Release|Any CPU
		{CF04E7A1-0767-430C-A329-9C54CB5C4B16}.Release|x64.ActiveCfg = Release|Any CPU
		{CF04E7A1-0767-430C-A329-9C54CB5C4B16}.Release|x86.ActiveCfg = Release|Any CPU
		{24EAEAC3-DD6F-4CDC-8386-D801E1447EEA}.Debug|Any CPU.ActiveCfg = Debug|Any CPU
		{24EAEAC3-DD6F-4CDC-8386-D801E1447EEA}.Debug|Any CPU.Build.0 = Debug|Any CPU
		{24EAEAC3-DD6F-4CDC-8386-D801E1447EEA}.Debug|Mixed Platforms.ActiveCfg = Debug|Any CPU
		{24EAEAC3-DD6F-4CDC-8386-D801E1447EEA}.Debug|Mixed Platforms.Build.0 = Debug|Any CPU
		{24EAEAC3-DD6F-4CDC-8386-D801E1447EEA}.Debug|x64.ActiveCfg = Debug|Any CPU
		{24EAEAC3-DD6F-4CDC-8386-D801E1447EEA}.Debug|x86.ActiveCfg = Debug|Any CPU
		{24EAEAC3-DD6F-4CDC-8386-D801E1447EEA}.Release|Any CPU.ActiveCfg = Release|Any CPU
		{24EAEAC3-DD6F-4CDC-8386-D801E1447EEA}.Release|Any CPU.Build.0 = Release|Any CPU
		{24EAEAC3-DD6F-4CDC-8386-D801E1447EEA}.Release|Mixed Platforms.ActiveCfg = Release|Any CPU
		{24EAEAC3-DD6F-4CDC-8386-D801E1447EEA}.Release|Mixed Platforms.Build.0 = Release|Any CPU
		{24EAEAC3-DD6F-4CDC-8386-D801E1447EEA}.Release|x64.ActiveCfg = Release|Any CPU
		{24EAEAC3-DD6F-4CDC-8386-D801E1447EEA}.Release|x86.ActiveCfg = Release|Any CPU
		{11543AB7-8AFD-4594-99F2-13A532A25F0E}.Debug|Any CPU.ActiveCfg = Debug|Any CPU
		{11543AB7-8AFD-4594-99F2-13A532A25F0E}.Debug|Any CPU.Build.0 = Debug|Any CPU
		{11543AB7-8AFD-4594-99F2-13A532A25F0E}.Debug|Mixed Platforms.ActiveCfg = Debug|Any CPU
		{11543AB7-8AFD-4594-99F2-13A532A25F0E}.Debug|Mixed Platforms.Build.0 = Debug|Any CPU
		{11543AB7-8AFD-4594-99F2-13A532A25F0E}.Debug|x64.ActiveCfg = Debug|Any CPU
		{11543AB7-8AFD-4594-99F2-13A532A25F0E}.Debug|x86.ActiveCfg = Debug|Any CPU
		{11543AB7-8AFD-4594-99F2-13A532A25F0E}.Release|Any CPU.ActiveCfg = Release|Any CPU
		{11543AB7-8AFD-4594-99F2-13A532A25F0E}.Release|Any CPU.Build.0 = Release|Any CPU
		{11543AB7-8AFD-4594-99F2-13A532A25F0E}.Release|Mixed Platforms.ActiveCfg = Release|Any CPU
		{11543AB7-8AFD-4594-99F2-13A532A25F0E}.Release|Mixed Platforms.Build.0 = Release|Any CPU
		{11543AB7-8AFD-4594-99F2-13A532A25F0E}.Release|x64.ActiveCfg = Release|Any CPU
		{11543AB7-8AFD-4594-99F2-13A532A25F0E}.Release|x86.ActiveCfg = Release|Any CPU
		{842E60B7-7B38-4B29-AB5C-846ECA97F10E}.Debug|Any CPU.ActiveCfg = Debug|Any CPU
		{842E60B7-7B38-4B29-AB5C-846ECA97F10E}.Debug|Any CPU.Build.0 = Debug|Any CPU
		{842E60B7-7B38-4B29-AB5C-846ECA97F10E}.Debug|Mixed Platforms.ActiveCfg = Debug|Any CPU
		{842E60B7-7B38-4B29-AB5C-846ECA97F10E}.Debug|Mixed Platforms.Build.0 = Debug|Any CPU
		{842E60B7-7B38-4B29-AB5C-846ECA97F10E}.Debug|x64.ActiveCfg = Debug|Any CPU
		{842E60B7-7B38-4B29-AB5C-846ECA97F10E}.Debug|x86.ActiveCfg = Debug|Any CPU
		{842E60B7-7B38-4B29-AB5C-846ECA97F10E}.Release|Any CPU.ActiveCfg = Release|Any CPU
		{842E60B7-7B38-4B29-AB5C-846ECA97F10E}.Release|Any CPU.Build.0 = Release|Any CPU
		{842E60B7-7B38-4B29-AB5C-846ECA97F10E}.Release|Mixed Platforms.ActiveCfg = Release|Any CPU
		{842E60B7-7B38-4B29-AB5C-846ECA97F10E}.Release|Mixed Platforms.Build.0 = Release|Any CPU
		{842E60B7-7B38-4B29-AB5C-846ECA97F10E}.Release|x64.ActiveCfg = Release|Any CPU
		{842E60B7-7B38-4B29-AB5C-846ECA97F10E}.Release|x86.ActiveCfg = Release|Any CPU
		{BBCBBD99-EA7A-4F06-9A2A-6B58F6A965B1}.Debug|Any CPU.ActiveCfg = Debug|Any CPU
		{BBCBBD99-EA7A-4F06-9A2A-6B58F6A965B1}.Debug|Any CPU.Build.0 = Debug|Any CPU
		{BBCBBD99-EA7A-4F06-9A2A-6B58F6A965B1}.Debug|Mixed Platforms.ActiveCfg = Debug|Any CPU
		{BBCBBD99-EA7A-4F06-9A2A-6B58F6A965B1}.Debug|Mixed Platforms.Build.0 = Debug|Any CPU
		{BBCBBD99-EA7A-4F06-9A2A-6B58F6A965B1}.Debug|x64.ActiveCfg = Debug|Any CPU
		{BBCBBD99-EA7A-4F06-9A2A-6B58F6A965B1}.Debug|x86.ActiveCfg = Debug|Any CPU
		{BBCBBD99-EA7A-4F06-9A2A-6B58F6A965B1}.Release|Any CPU.ActiveCfg = Release|Any CPU
		{BBCBBD99-EA7A-4F06-9A2A-6B58F6A965B1}.Release|Any CPU.Build.0 = Release|Any CPU
		{BBCBBD99-EA7A-4F06-9A2A-6B58F6A965B1}.Release|Mixed Platforms.ActiveCfg = Release|Any CPU
		{BBCBBD99-EA7A-4F06-9A2A-6B58F6A965B1}.Release|Mixed Platforms.Build.0 = Release|Any CPU
		{BBCBBD99-EA7A-4F06-9A2A-6B58F6A965B1}.Release|x64.ActiveCfg = Release|Any CPU
		{BBCBBD99-EA7A-4F06-9A2A-6B58F6A965B1}.Release|x86.ActiveCfg = Release|Any CPU
		{73386BB4-FA63-403C-89CC-697C4BB168C7}.Debug|Any CPU.ActiveCfg = Debug|Any CPU
		{73386BB4-FA63-403C-89CC-697C4BB168C7}.Debug|Any CPU.Build.0 = Debug|Any CPU
		{73386BB4-FA63-403C-89CC-697C4BB168C7}.Debug|Mixed Platforms.ActiveCfg = Debug|Any CPU
		{73386BB4-FA63-403C-89CC-697C4BB168C7}.Debug|Mixed Platforms.Build.0 = Debug|Any CPU
		{73386BB4-FA63-403C-89CC-697C4BB168C7}.Debug|x64.ActiveCfg = Debug|Any CPU
		{73386BB4-FA63-403C-89CC-697C4BB168C7}.Debug|x86.ActiveCfg = Debug|Any CPU
		{73386BB4-FA63-403C-89CC-697C4BB168C7}.Release|Any CPU.ActiveCfg = Release|Any CPU
		{73386BB4-FA63-403C-89CC-697C4BB168C7}.Release|Any CPU.Build.0 = Release|Any CPU
		{73386BB4-FA63-403C-89CC-697C4BB168C7}.Release|Mixed Platforms.ActiveCfg = Release|Any CPU
		{73386BB4-FA63-403C-89CC-697C4BB168C7}.Release|Mixed Platforms.Build.0 = Release|Any CPU
		{73386BB4-FA63-403C-89CC-697C4BB168C7}.Release|x64.ActiveCfg = Release|Any CPU
		{73386BB4-FA63-403C-89CC-697C4BB168C7}.Release|x86.ActiveCfg = Release|Any CPU
		{C3654E15-9258-4221-AE16-22202EF6623D}.Debug|Any CPU.ActiveCfg = Debug|Any CPU
		{C3654E15-9258-4221-AE16-22202EF6623D}.Debug|Any CPU.Build.0 = Debug|Any CPU
		{C3654E15-9258-4221-AE16-22202EF6623D}.Debug|Mixed Platforms.ActiveCfg = Debug|Any CPU
		{C3654E15-9258-4221-AE16-22202EF6623D}.Debug|Mixed Platforms.Build.0 = Debug|Any CPU
		{C3654E15-9258-4221-AE16-22202EF6623D}.Debug|x64.ActiveCfg = Debug|Any CPU
		{C3654E15-9258-4221-AE16-22202EF6623D}.Debug|x86.ActiveCfg = Debug|Any CPU
		{C3654E15-9258-4221-AE16-22202EF6623D}.Release|Any CPU.ActiveCfg = Release|Any CPU
		{C3654E15-9258-4221-AE16-22202EF6623D}.Release|Any CPU.Build.0 = Release|Any CPU
		{C3654E15-9258-4221-AE16-22202EF6623D}.Release|Mixed Platforms.ActiveCfg = Release|Any CPU
		{C3654E15-9258-4221-AE16-22202EF6623D}.Release|Mixed Platforms.Build.0 = Release|Any CPU
		{C3654E15-9258-4221-AE16-22202EF6623D}.Release|x64.ActiveCfg = Release|Any CPU
		{C3654E15-9258-4221-AE16-22202EF6623D}.Release|x86.ActiveCfg = Release|Any CPU
		{E67C8D3D-247F-4BE2-9EC7-C74BA6B9E7B5}.Debug|Any CPU.ActiveCfg = Debug|Any CPU
		{E67C8D3D-247F-4BE2-9EC7-C74BA6B9E7B5}.Debug|Any CPU.Build.0 = Debug|Any CPU
		{E67C8D3D-247F-4BE2-9EC7-C74BA6B9E7B5}.Debug|Mixed Platforms.ActiveCfg = Debug|Any CPU
		{E67C8D3D-247F-4BE2-9EC7-C74BA6B9E7B5}.Debug|Mixed Platforms.Build.0 = Debug|Any CPU
		{E67C8D3D-247F-4BE2-9EC7-C74BA6B9E7B5}.Debug|x64.ActiveCfg = Debug|Any CPU
		{E67C8D3D-247F-4BE2-9EC7-C74BA6B9E7B5}.Debug|x86.ActiveCfg = Debug|Any CPU
		{E67C8D3D-247F-4BE2-9EC7-C74BA6B9E7B5}.Release|Any CPU.ActiveCfg = Release|Any CPU
		{E67C8D3D-247F-4BE2-9EC7-C74BA6B9E7B5}.Release|Any CPU.Build.0 = Release|Any CPU
		{E67C8D3D-247F-4BE2-9EC7-C74BA6B9E7B5}.Release|Mixed Platforms.ActiveCfg = Release|Any CPU
		{E67C8D3D-247F-4BE2-9EC7-C74BA6B9E7B5}.Release|Mixed Platforms.Build.0 = Release|Any CPU
		{E67C8D3D-247F-4BE2-9EC7-C74BA6B9E7B5}.Release|x64.ActiveCfg = Release|Any CPU
		{E67C8D3D-247F-4BE2-9EC7-C74BA6B9E7B5}.Release|x86.ActiveCfg = Release|Any CPU
		{78514EBC-36FF-4CBF-9A8A-2EFC4E555DD9}.Debug|Any CPU.ActiveCfg = Debug|Any CPU
		{78514EBC-36FF-4CBF-9A8A-2EFC4E555DD9}.Debug|Any CPU.Build.0 = Debug|Any CPU
		{78514EBC-36FF-4CBF-9A8A-2EFC4E555DD9}.Debug|Mixed Platforms.ActiveCfg = Debug|Any CPU
		{78514EBC-36FF-4CBF-9A8A-2EFC4E555DD9}.Debug|Mixed Platforms.Build.0 = Debug|Any CPU
		{78514EBC-36FF-4CBF-9A8A-2EFC4E555DD9}.Debug|x64.ActiveCfg = Debug|Any CPU
		{78514EBC-36FF-4CBF-9A8A-2EFC4E555DD9}.Debug|x86.ActiveCfg = Debug|Any CPU
		{78514EBC-36FF-4CBF-9A8A-2EFC4E555DD9}.Release|Any CPU.ActiveCfg = Release|Any CPU
		{78514EBC-36FF-4CBF-9A8A-2EFC4E555DD9}.Release|Any CPU.Build.0 = Release|Any CPU
		{78514EBC-36FF-4CBF-9A8A-2EFC4E555DD9}.Release|Mixed Platforms.ActiveCfg = Release|Any CPU
		{78514EBC-36FF-4CBF-9A8A-2EFC4E555DD9}.Release|Mixed Platforms.Build.0 = Release|Any CPU
		{78514EBC-36FF-4CBF-9A8A-2EFC4E555DD9}.Release|x64.ActiveCfg = Release|Any CPU
		{78514EBC-36FF-4CBF-9A8A-2EFC4E555DD9}.Release|x86.ActiveCfg = Release|Any CPU
		{5206815B-DC13-45B2-B714-3175031DC125}.Debug|Any CPU.ActiveCfg = Debug|Any CPU
		{5206815B-DC13-45B2-B714-3175031DC125}.Debug|Any CPU.Build.0 = Debug|Any CPU
		{5206815B-DC13-45B2-B714-3175031DC125}.Debug|Mixed Platforms.ActiveCfg = Debug|Any CPU
		{5206815B-DC13-45B2-B714-3175031DC125}.Debug|Mixed Platforms.Build.0 = Debug|Any CPU
		{5206815B-DC13-45B2-B714-3175031DC125}.Debug|x64.ActiveCfg = Debug|Any CPU
		{5206815B-DC13-45B2-B714-3175031DC125}.Debug|x86.ActiveCfg = Debug|Any CPU
		{5206815B-DC13-45B2-B714-3175031DC125}.Release|Any CPU.ActiveCfg = Release|Any CPU
		{5206815B-DC13-45B2-B714-3175031DC125}.Release|Any CPU.Build.0 = Release|Any CPU
		{5206815B-DC13-45B2-B714-3175031DC125}.Release|Mixed Platforms.ActiveCfg = Release|Any CPU
		{5206815B-DC13-45B2-B714-3175031DC125}.Release|Mixed Platforms.Build.0 = Release|Any CPU
		{5206815B-DC13-45B2-B714-3175031DC125}.Release|x64.ActiveCfg = Release|Any CPU
		{5206815B-DC13-45B2-B714-3175031DC125}.Release|x86.ActiveCfg = Release|Any CPU
		{0F9B2097-80BB-4A36-8CFE-50606A04329D}.Debug|Any CPU.ActiveCfg = Debug|Any CPU
		{0F9B2097-80BB-4A36-8CFE-50606A04329D}.Debug|Any CPU.Build.0 = Debug|Any CPU
		{0F9B2097-80BB-4A36-8CFE-50606A04329D}.Debug|Mixed Platforms.ActiveCfg = Debug|Any CPU
		{0F9B2097-80BB-4A36-8CFE-50606A04329D}.Debug|Mixed Platforms.Build.0 = Debug|Any CPU
		{0F9B2097-80BB-4A36-8CFE-50606A04329D}.Debug|x64.ActiveCfg = Debug|Any CPU
		{0F9B2097-80BB-4A36-8CFE-50606A04329D}.Debug|x86.ActiveCfg = Debug|Any CPU
		{0F9B2097-80BB-4A36-8CFE-50606A04329D}.Release|Any CPU.ActiveCfg = Release|Any CPU
		{0F9B2097-80BB-4A36-8CFE-50606A04329D}.Release|Any CPU.Build.0 = Release|Any CPU
		{0F9B2097-80BB-4A36-8CFE-50606A04329D}.Release|Mixed Platforms.ActiveCfg = Release|Any CPU
		{0F9B2097-80BB-4A36-8CFE-50606A04329D}.Release|Mixed Platforms.Build.0 = Release|Any CPU
		{0F9B2097-80BB-4A36-8CFE-50606A04329D}.Release|x64.ActiveCfg = Release|Any CPU
		{0F9B2097-80BB-4A36-8CFE-50606A04329D}.Release|x86.ActiveCfg = Release|Any CPU
		{E69290A5-5449-4F54-8EAE-4CF3510C9812}.Debug|Any CPU.ActiveCfg = Debug|Any CPU
		{E69290A5-5449-4F54-8EAE-4CF3510C9812}.Debug|Any CPU.Build.0 = Debug|Any CPU
		{E69290A5-5449-4F54-8EAE-4CF3510C9812}.Debug|Mixed Platforms.ActiveCfg = Debug|Any CPU
		{E69290A5-5449-4F54-8EAE-4CF3510C9812}.Debug|Mixed Platforms.Build.0 = Debug|Any CPU
		{E69290A5-5449-4F54-8EAE-4CF3510C9812}.Debug|x64.ActiveCfg = Debug|Any CPU
		{E69290A5-5449-4F54-8EAE-4CF3510C9812}.Debug|x86.ActiveCfg = Debug|Any CPU
		{E69290A5-5449-4F54-8EAE-4CF3510C9812}.Release|Any CPU.ActiveCfg = Release|Any CPU
		{E69290A5-5449-4F54-8EAE-4CF3510C9812}.Release|Any CPU.Build.0 = Release|Any CPU
		{E69290A5-5449-4F54-8EAE-4CF3510C9812}.Release|Mixed Platforms.ActiveCfg = Release|Any CPU
		{E69290A5-5449-4F54-8EAE-4CF3510C9812}.Release|Mixed Platforms.Build.0 = Release|Any CPU
		{E69290A5-5449-4F54-8EAE-4CF3510C9812}.Release|x64.ActiveCfg = Release|Any CPU
		{E69290A5-5449-4F54-8EAE-4CF3510C9812}.Release|x86.ActiveCfg = Release|Any CPU
		{62C3D41D-51BA-41C9-B7DC-795F830DEE6A}.Debug|Any CPU.ActiveCfg = Debug|Any CPU
		{62C3D41D-51BA-41C9-B7DC-795F830DEE6A}.Debug|Any CPU.Build.0 = Debug|Any CPU
		{62C3D41D-51BA-41C9-B7DC-795F830DEE6A}.Debug|Mixed Platforms.ActiveCfg = Debug|Any CPU
		{62C3D41D-51BA-41C9-B7DC-795F830DEE6A}.Debug|Mixed Platforms.Build.0 = Debug|Any CPU
		{62C3D41D-51BA-41C9-B7DC-795F830DEE6A}.Debug|x64.ActiveCfg = Debug|Any CPU
		{62C3D41D-51BA-41C9-B7DC-795F830DEE6A}.Debug|x86.ActiveCfg = Debug|Any CPU
		{62C3D41D-51BA-41C9-B7DC-795F830DEE6A}.Release|Any CPU.ActiveCfg = Release|Any CPU
		{62C3D41D-51BA-41C9-B7DC-795F830DEE6A}.Release|Any CPU.Build.0 = Release|Any CPU
		{62C3D41D-51BA-41C9-B7DC-795F830DEE6A}.Release|Mixed Platforms.ActiveCfg = Release|Any CPU
		{62C3D41D-51BA-41C9-B7DC-795F830DEE6A}.Release|Mixed Platforms.Build.0 = Release|Any CPU
		{62C3D41D-51BA-41C9-B7DC-795F830DEE6A}.Release|x64.ActiveCfg = Release|Any CPU
		{62C3D41D-51BA-41C9-B7DC-795F830DEE6A}.Release|x86.ActiveCfg = Release|Any CPU
		{D40CDD2B-5AEA-44FC-BA53-F576DE24E7A0}.Debug|Any CPU.ActiveCfg = Debug|Any CPU
		{D40CDD2B-5AEA-44FC-BA53-F576DE24E7A0}.Debug|Any CPU.Build.0 = Debug|Any CPU
		{D40CDD2B-5AEA-44FC-BA53-F576DE24E7A0}.Debug|Mixed Platforms.ActiveCfg = Debug|Any CPU
		{D40CDD2B-5AEA-44FC-BA53-F576DE24E7A0}.Debug|Mixed Platforms.Build.0 = Debug|Any CPU
		{D40CDD2B-5AEA-44FC-BA53-F576DE24E7A0}.Debug|x64.ActiveCfg = Debug|Any CPU
		{D40CDD2B-5AEA-44FC-BA53-F576DE24E7A0}.Debug|x86.ActiveCfg = Debug|Any CPU
		{D40CDD2B-5AEA-44FC-BA53-F576DE24E7A0}.Release|Any CPU.ActiveCfg = Release|Any CPU
		{D40CDD2B-5AEA-44FC-BA53-F576DE24E7A0}.Release|Any CPU.Build.0 = Release|Any CPU
		{D40CDD2B-5AEA-44FC-BA53-F576DE24E7A0}.Release|Mixed Platforms.ActiveCfg = Release|Any CPU
		{D40CDD2B-5AEA-44FC-BA53-F576DE24E7A0}.Release|Mixed Platforms.Build.0 = Release|Any CPU
		{D40CDD2B-5AEA-44FC-BA53-F576DE24E7A0}.Release|x64.ActiveCfg = Release|Any CPU
		{D40CDD2B-5AEA-44FC-BA53-F576DE24E7A0}.Release|x86.ActiveCfg = Release|Any CPU
		{23D00DB9-79E1-42AB-A4B2-C948592655C3}.Debug|Any CPU.ActiveCfg = Debug|Any CPU
		{23D00DB9-79E1-42AB-A4B2-C948592655C3}.Debug|Any CPU.Build.0 = Debug|Any CPU
		{23D00DB9-79E1-42AB-A4B2-C948592655C3}.Debug|Mixed Platforms.ActiveCfg = Debug|Any CPU
		{23D00DB9-79E1-42AB-A4B2-C948592655C3}.Debug|Mixed Platforms.Build.0 = Debug|Any CPU
		{23D00DB9-79E1-42AB-A4B2-C948592655C3}.Debug|x64.ActiveCfg = Debug|Any CPU
		{23D00DB9-79E1-42AB-A4B2-C948592655C3}.Debug|x86.ActiveCfg = Debug|Any CPU
		{23D00DB9-79E1-42AB-A4B2-C948592655C3}.Release|Any CPU.ActiveCfg = Release|Any CPU
		{23D00DB9-79E1-42AB-A4B2-C948592655C3}.Release|Any CPU.Build.0 = Release|Any CPU
		{23D00DB9-79E1-42AB-A4B2-C948592655C3}.Release|Mixed Platforms.ActiveCfg = Release|Any CPU
		{23D00DB9-79E1-42AB-A4B2-C948592655C3}.Release|Mixed Platforms.Build.0 = Release|Any CPU
		{23D00DB9-79E1-42AB-A4B2-C948592655C3}.Release|x64.ActiveCfg = Release|Any CPU
		{23D00DB9-79E1-42AB-A4B2-C948592655C3}.Release|x86.ActiveCfg = Release|Any CPU
		{E727825D-F06E-4C69-978F-154770835EE9}.Debug|Any CPU.ActiveCfg = Debug|Any CPU
		{E727825D-F06E-4C69-978F-154770835EE9}.Debug|Any CPU.Build.0 = Debug|Any CPU
		{E727825D-F06E-4C69-978F-154770835EE9}.Debug|Mixed Platforms.ActiveCfg = Debug|Any CPU
		{E727825D-F06E-4C69-978F-154770835EE9}.Debug|Mixed Platforms.Build.0 = Debug|Any CPU
		{E727825D-F06E-4C69-978F-154770835EE9}.Debug|x64.ActiveCfg = Debug|Any CPU
		{E727825D-F06E-4C69-978F-154770835EE9}.Debug|x86.ActiveCfg = Debug|Any CPU
		{E727825D-F06E-4C69-978F-154770835EE9}.Release|Any CPU.ActiveCfg = Release|Any CPU
		{E727825D-F06E-4C69-978F-154770835EE9}.Release|Any CPU.Build.0 = Release|Any CPU
		{E727825D-F06E-4C69-978F-154770835EE9}.Release|Mixed Platforms.ActiveCfg = Release|Any CPU
		{E727825D-F06E-4C69-978F-154770835EE9}.Release|Mixed Platforms.Build.0 = Release|Any CPU
		{E727825D-F06E-4C69-978F-154770835EE9}.Release|x64.ActiveCfg = Release|Any CPU
		{E727825D-F06E-4C69-978F-154770835EE9}.Release|x86.ActiveCfg = Release|Any CPU
		{9386ED52-AD9D-40CA-AE05-96915DF20557}.Debug|Any CPU.ActiveCfg = Debug|Any CPU
		{9386ED52-AD9D-40CA-AE05-96915DF20557}.Debug|Any CPU.Build.0 = Debug|Any CPU
		{9386ED52-AD9D-40CA-AE05-96915DF20557}.Debug|Mixed Platforms.ActiveCfg = Debug|Any CPU
		{9386ED52-AD9D-40CA-AE05-96915DF20557}.Debug|Mixed Platforms.Build.0 = Debug|Any CPU
		{9386ED52-AD9D-40CA-AE05-96915DF20557}.Debug|x64.ActiveCfg = Debug|Any CPU
		{9386ED52-AD9D-40CA-AE05-96915DF20557}.Debug|x86.ActiveCfg = Debug|Any CPU
		{9386ED52-AD9D-40CA-AE05-96915DF20557}.Release|Any CPU.ActiveCfg = Release|Any CPU
		{9386ED52-AD9D-40CA-AE05-96915DF20557}.Release|Any CPU.Build.0 = Release|Any CPU
		{9386ED52-AD9D-40CA-AE05-96915DF20557}.Release|Mixed Platforms.ActiveCfg = Release|Any CPU
		{9386ED52-AD9D-40CA-AE05-96915DF20557}.Release|Mixed Platforms.Build.0 = Release|Any CPU
		{9386ED52-AD9D-40CA-AE05-96915DF20557}.Release|x64.ActiveCfg = Release|Any CPU
		{9386ED52-AD9D-40CA-AE05-96915DF20557}.Release|x86.ActiveCfg = Release|Any CPU
		{4FBB8841-BF9B-408E-B9D4-6DC6F066CA1B}.Debug|Any CPU.ActiveCfg = Debug|Any CPU
		{4FBB8841-BF9B-408E-B9D4-6DC6F066CA1B}.Debug|Any CPU.Build.0 = Debug|Any CPU
		{4FBB8841-BF9B-408E-B9D4-6DC6F066CA1B}.Debug|Mixed Platforms.ActiveCfg = Debug|Any CPU
		{4FBB8841-BF9B-408E-B9D4-6DC6F066CA1B}.Debug|Mixed Platforms.Build.0 = Debug|Any CPU
		{4FBB8841-BF9B-408E-B9D4-6DC6F066CA1B}.Debug|x64.ActiveCfg = Debug|Any CPU
		{4FBB8841-BF9B-408E-B9D4-6DC6F066CA1B}.Debug|x86.ActiveCfg = Debug|Any CPU
		{4FBB8841-BF9B-408E-B9D4-6DC6F066CA1B}.Release|Any CPU.ActiveCfg = Release|Any CPU
		{4FBB8841-BF9B-408E-B9D4-6DC6F066CA1B}.Release|Any CPU.Build.0 = Release|Any CPU
		{4FBB8841-BF9B-408E-B9D4-6DC6F066CA1B}.Release|Mixed Platforms.ActiveCfg = Release|Any CPU
		{4FBB8841-BF9B-408E-B9D4-6DC6F066CA1B}.Release|Mixed Platforms.Build.0 = Release|Any CPU
		{4FBB8841-BF9B-408E-B9D4-6DC6F066CA1B}.Release|x64.ActiveCfg = Release|Any CPU
		{4FBB8841-BF9B-408E-B9D4-6DC6F066CA1B}.Release|x86.ActiveCfg = Release|Any CPU
	EndGlobalSection
	GlobalSection(SolutionProperties) = preSolution
		HideSolutionNode = FALSE
	EndGlobalSection
	GlobalSection(NestedProjects) = preSolution
		{DA2D26C5-503A-4C94-B323-E05DBF5607EA} = {7EF4EC22-0C4D-42EF-A3F0-8E70C92CF495}
		{7D26D0EE-495A-4AE1-BBE5-CB2A1EC80918} = {7EF4EC22-0C4D-42EF-A3F0-8E70C92CF495}
		{3013D8AC-50AC-4973-AFC3-230EFB834AB2} = {7EF4EC22-0C4D-42EF-A3F0-8E70C92CF495}
		{A3E5BBF7-719B-461C-BB2F-3F4CF3DB7CC2} = {7EF4EC22-0C4D-42EF-A3F0-8E70C92CF495}
		{74463FA2-2B35-475D-AC30-7FE35DCF0EAD} = {7EF4EC22-0C4D-42EF-A3F0-8E70C92CF495}
		{1A2893F5-738B-4B13-93BD-890E57FF1B03} = {7EF4EC22-0C4D-42EF-A3F0-8E70C92CF495}
		{4D3285DA-89B8-4109-B0DC-6D6FFFC6FAAD} = {7EF4EC22-0C4D-42EF-A3F0-8E70C92CF495}
		{0EE24663-B374-47CA-B395-D827923D5D51} = {7EF4EC22-0C4D-42EF-A3F0-8E70C92CF495}
		{6D04DB1B-A08D-486C-AA11-5D39173B6541} = {DA2D26C5-503A-4C94-B323-E05DBF5607EA}
		{38043EAD-35DC-4A63-B4C8-8E472A61938E} = {DA2D26C5-503A-4C94-B323-E05DBF5607EA}
		{53B65E7F-6B1A-4B06-A535-878C1F62706C} = {DA2D26C5-503A-4C94-B323-E05DBF5607EA}
		{ECE1F050-834F-4119-928A-222CA0B8D41A} = {DA2D26C5-503A-4C94-B323-E05DBF5607EA}
		{11543AB7-8AFD-4594-99F2-13A532A25F0E} = {DA2D26C5-503A-4C94-B323-E05DBF5607EA}
		{73386BB4-FA63-403C-89CC-697C4BB168C7} = {DA2D26C5-503A-4C94-B323-E05DBF5607EA}
		{C3654E15-9258-4221-AE16-22202EF6623D} = {DA2D26C5-503A-4C94-B323-E05DBF5607EA}
		{E67C8D3D-247F-4BE2-9EC7-C74BA6B9E7B5} = {DA2D26C5-503A-4C94-B323-E05DBF5607EA}
		{2F5B28D1-9332-4762-94F9-E8B7335E68E2} = {7D26D0EE-495A-4AE1-BBE5-CB2A1EC80918}
		{3AAB5148-589A-43B0-A472-DD2F3D36034F} = {6D01BCE6-CFF2-4897-A82A-8DA4ACC9A0DA}
		{E3A6DC2F-C95F-4837-BA81-F39291EC4B24} = {6D01BCE6-CFF2-4897-A82A-8DA4ACC9A0DA}
		{0C9E4CCF-F4C0-4130-A686-2F13DB2C2E5E} = {6D01BCE6-CFF2-4897-A82A-8DA4ACC9A0DA}
		{D6DEAF09-19FF-4EAE-BE8A-0F4A080DCAFF} = {6D01BCE6-CFF2-4897-A82A-8DA4ACC9A0DA}
		{5CF8B683-03CC-4D4F-92D9-DA159E909F84} = {3AAB5148-589A-43B0-A472-DD2F3D36034F}
		{848183DF-DC31-45FE-9319-F141F90BD68E} = {1EA4E402-EB80-479B-A9A1-0601E9B06BA6}
		{D40CDD2B-5AEA-44FC-BA53-F576DE24E7A0} = {1EA4E402-EB80-479B-A9A1-0601E9B06BA6}
		{20AC5E32-03BE-4425-B2D4-E96885CA95A1} = {E3A6DC2F-C95F-4837-BA81-F39291EC4B24}
		{44A82257-53BC-4C63-A936-3F8643B997DB} = {0C9E4CCF-F4C0-4130-A686-2F13DB2C2E5E}
		{B50BB223-CBE7-4B90-97FE-69DD0959AE18} = {0C9E4CCF-F4C0-4130-A686-2F13DB2C2E5E}
		{DE98B8D7-BA24-4352-A15E-6962B9D5B1C3} = {0C9E4CCF-F4C0-4130-A686-2F13DB2C2E5E}
		{841CDB83-5B95-489E-8057-D085852C91B9} = {AB337B85-3D6F-457F-B0E4-B8E1738D0A4E}
		{CF04E7A1-0767-430C-A329-9C54CB5C4B16} = {841CDB83-5B95-489E-8057-D085852C91B9}
		{786DBB33-5A84-460D-B7A8-DB4B9B54027E} = {476692F9-A06D-468A-8E0B-9ABA13D75C34}
		{E9EBC7C6-D255-44FF-B4F0-E72D5085168E} = {476692F9-A06D-468A-8E0B-9ABA13D75C34}
		{A27830AD-87EE-4D87-8988-7CA4EEE7FE93} = {476692F9-A06D-468A-8E0B-9ABA13D75C34}
		{2E2CC1B4-83EB-48CA-8D8B-18DF89CD115D} = {476692F9-A06D-468A-8E0B-9ABA13D75C34}
		{78514EBC-36FF-4CBF-9A8A-2EFC4E555DD9} = {786DBB33-5A84-460D-B7A8-DB4B9B54027E}
		{726AA640-C46E-425F-A4D1-4E680481EE73} = {04AB37E0-9A79-4ADC-9FC4-A31F5DC2D799}
		{24EAEAC3-DD6F-4CDC-8386-D801E1447EEA} = {726AA640-C46E-425F-A4D1-4E680481EE73}
		{842E60B7-7B38-4B29-AB5C-846ECA97F10E} = {A3E5BBF7-719B-461C-BB2F-3F4CF3DB7CC2}
		{BBCBBD99-EA7A-4F06-9A2A-6B58F6A965B1} = {A3E5BBF7-719B-461C-BB2F-3F4CF3DB7CC2}
		{5206815B-DC13-45B2-B714-3175031DC125} = {E9EBC7C6-D255-44FF-B4F0-E72D5085168E}
		{0F9B2097-80BB-4A36-8CFE-50606A04329D} = {A27830AD-87EE-4D87-8988-7CA4EEE7FE93}
		{E69290A5-5449-4F54-8EAE-4CF3510C9812} = {2E2CC1B4-83EB-48CA-8D8B-18DF89CD115D}
		{E727825D-F06E-4C69-978F-154770835EE9} = {2E2CC1B4-83EB-48CA-8D8B-18DF89CD115D}
		{62C3D41D-51BA-41C9-B7DC-795F830DEE6A} = {1A2893F5-738B-4B13-93BD-890E57FF1B03}
		{23D00DB9-79E1-42AB-A4B2-C948592655C3} = {4D3285DA-89B8-4109-B0DC-6D6FFFC6FAAD}
		{9386ED52-AD9D-40CA-AE05-96915DF20557} = {D6DEAF09-19FF-4EAE-BE8A-0F4A080DCAFF}
		{4FBB8841-BF9B-408E-B9D4-6DC6F066CA1B} = {0EE24663-B374-47CA-B395-D827923D5D51}
	EndGlobalSection
EndGlobal
